
Microsoft Visual Studio Solution File, Format Version 12.00
# Visual Studio Version 17
VisualStudioVersion = 17.7.34221.43
MinimumVisualStudioVersion = 10.0.40219.1
Project("{9A19103F-16F7-4668-BE54-9A1E7A4F7556}") = "SCR(Super Consol Rogalik)", "SCR(Super Consol Rogalik)\SCR(Super Consol Rogalik).csproj", "{4A660F33-D181-4F66-94D6-9599984E31A5}"
EndProject
Global
	GlobalSection(SolutionConfigurationPlatforms) = preSolution
		Debug|Any CPU = Debug|Any CPU
		Release|Any CPU = Release|Any CPU
	EndGlobalSection
	GlobalSection(ProjectConfigurationPlatforms) = postSolution
		{4A660F33-D181-4F66-94D6-9599984E31A5}.Debug|Any CPU.ActiveCfg = Debug|Any CPU
		{4A660F33-D181-4F66-94D6-9599984E31A5}.Debug|Any CPU.Build.0 = Debug|Any CPU
		{4A660F33-D181-4F66-94D6-9599984E31A5}.Release|Any CPU.ActiveCfg = Release|Any CPU
		{4A660F33-D181-4F66-94D6-9599984E31A5}.Release|Any CPU.Build.0 = Release|Any CPU
	EndGlobalSection
	GlobalSection(SolutionProperties) = preSolution
		HideSolutionNode = FALSE
	EndGlobalSection
	GlobalSection(ExtensibilityGlobals) = postSolution
		SolutionGuid = {4462CE90-0610-4209-8FDF-09C66C813FF3}
	EndGlobalSection
EndGlobal
